
Microsoft Visual Studio Solution File, Format Version 12.00
# Visual Studio 15
VisualStudioVersion = 15.0.27004.2010
MinimumVisualStudioVersion = 10.0.40219.1
Project("{FAE04EC0-301F-11D3-BF4B-00C04F79EFBC}") = "Properties", "Properties\Properties.csproj", "{41C6897C-F4B1-482B-AC4E-2023E569EA99}"
EndProject
Global
	GlobalSection(SolutionConfigurationPlatforms) = preSolution
		Debug|Any CPU = Debug|Any CPU
		Release|Any CPU = Release|Any CPU
	EndGlobalSection
	GlobalSection(ProjectConfigurationPlatforms) = postSolution
		{41C6897C-F4B1-482B-AC4E-2023E569EA99}.Debug|Any CPU.ActiveCfg = Debug|Any CPU
		{41C6897C-F4B1-482B-AC4E-2023E569EA99}.Debug|Any CPU.Build.0 = Debug|Any CPU
		{41C6897C-F4B1-482B-AC4E-2023E569EA99}.Release|Any CPU.ActiveCfg = Release|Any CPU
		{41C6897C-F4B1-482B-AC4E-2023E569EA99}.Release|Any CPU.Build.0 = Release|Any CPU
	EndGlobalSection
	GlobalSection(SolutionProperties) = preSolution
		HideSolutionNode = FALSE
	EndGlobalSection
	GlobalSection(ExtensibilityGlobals) = postSolution
		SolutionGuid = {74B345BB-41EA-40EC-866D-DD671434C6B2}
	EndGlobalSection
EndGlobal
