
Microsoft Visual Studio Solution File, Format Version 12.00
# Visual Studio 15
VisualStudioVersion = 15.0.27004.2010
MinimumVisualStudioVersion = 10.0.40219.1
Project("{FAE04EC0-301F-11D3-BF4B-00C04F79EFBC}") = "Polymorphism", "Polymorphism\Polymorphism.csproj", "{E3846317-7CA0-4DD7-8685-2FC6FACEB2C5}"
EndProject
Global
	GlobalSection(SolutionConfigurationPlatforms) = preSolution
		Debug|Any CPU = Debug|Any CPU
		Release|Any CPU = Release|Any CPU
	EndGlobalSection
	GlobalSection(ProjectConfigurationPlatforms) = postSolution
		{E3846317-7CA0-4DD7-8685-2FC6FACEB2C5}.Debug|Any CPU.ActiveCfg = Debug|Any CPU
		{E3846317-7CA0-4DD7-8685-2FC6FACEB2C5}.Debug|Any CPU.Build.0 = Debug|Any CPU
		{E3846317-7CA0-4DD7-8685-2FC6FACEB2C5}.Release|Any CPU.ActiveCfg = Release|Any CPU
		{E3846317-7CA0-4DD7-8685-2FC6FACEB2C5}.Release|Any CPU.Build.0 = Release|Any CPU
	EndGlobalSection
	GlobalSection(SolutionProperties) = preSolution
		HideSolutionNode = FALSE
	EndGlobalSection
	GlobalSection(ExtensibilityGlobals) = postSolution
		SolutionGuid = {DC40B1C5-5D65-43A3-B95E-88DC0B0545BB}
	EndGlobalSection
EndGlobal
